
Microsoft Visual Studio Solution File, Format Version 12.00
# Visual Studio Version 17
VisualStudioVersion = 17.5.002.0
MinimumVisualStudioVersion = 10.0.40219.1
Project("{9A19103F-16F7-4668-BE54-9A1E7A4F7556}") = "practica5-Rciat05", "practica5-Rciat05.csproj", "{E031843C-7EE8-4F0A-B741-C01250AEB011}"
EndProject
Global
	GlobalSection(SolutionConfigurationPlatforms) = preSolution
		Debug|Any CPU = Debug|Any CPU
		Release|Any CPU = Release|Any CPU
	EndGlobalSection
	GlobalSection(ProjectConfigurationPlatforms) = postSolution
		{E031843C-7EE8-4F0A-B741-C01250AEB011}.Debug|Any CPU.ActiveCfg = Debug|Any CPU
		{E031843C-7EE8-4F0A-B741-C01250AEB011}.Debug|Any CPU.Build.0 = Debug|Any CPU
		{E031843C-7EE8-4F0A-B741-C01250AEB011}.Release|Any CPU.ActiveCfg = Release|Any CPU
		{E031843C-7EE8-4F0A-B741-C01250AEB011}.Release|Any CPU.Build.0 = Release|Any CPU
	EndGlobalSection
	GlobalSection(SolutionProperties) = preSolution
		HideSolutionNode = FALSE
	EndGlobalSection
	GlobalSection(ExtensibilityGlobals) = postSolution
		SolutionGuid = {9DF4B639-BF71-41AD-8484-3570F05020D1}
	EndGlobalSection
EndGlobal
